{
  "name": "fetch-quote",
  "version": "1.0.0",
  "lockfileVersion": 2,
  "requires": true,
  "packages": {
    "": {
      "name": "fetch-quote",
      "version": "1.0.0",
      "license": "ISC",
      "dependencies": {
        "moment-timezone": "^0.5.43",
        "tech-quote-of-the-week": "^2.1.1"
      }
    },
    "node_modules/moment": {
      "version": "2.29.4",
      "resolved": "https://registry.npmjs.org/moment/-/moment-2.29.4.tgz",
      "integrity": "sha512-5LC9SOxjSc2HF6vO2CyuTDNivEdoz2IvyJJGj6X8DJ0eFyfszE0QiEd+iXmBvUP3WHxSjFH/vIsA0EN00cgr8w==",
      "engines": {
        "node": "*"
      }
    },
    "node_modules/moment-timezone": {
      "version": "0.5.43",
      "resolved": "https://registry.npmjs.org/moment-timezone/-/moment-timezone-0.5.43.tgz",
      "integrity": "sha512-72j3aNyuIsDxdF1i7CEgV2FfxM1r6aaqJyLB2vwb33mXYyoyLly+F1zbWqhA3/bVIoJ4szlUoMbUnVdid32NUQ==",
      "dependencies": {
        "moment": "^2.29.4"
      },
      "engines": {
        "node": "*"
      }
    },
    "node_modules/tech-quote-of-the-week": {
      "version": "2.1.1",
      "resolved": "https://registry.npmjs.org/tech-quote-of-the-week/-/tech-quote-of-the-week-2.1.1.tgz",
      "integrity": "sha512-1RYdKnnR7TPrKftZJ3slOT6fQcu3pNbZ6S6zWjEGRUa2OsDyvnkLA2WF76rbI3UzbtJspmmVD0WobdQi6v0UrQ==",
      "dependencies": {
        "moment": "^2.17.1"
      }
    }
  },
  "dependencies": {
    "moment": {
      "version": "2.29.4",
      "resolved": "https://registry.npmjs.org/moment/-/moment-2.29.4.tgz",
      "integrity": "sha512-5LC9SOxjSc2HF6vO2CyuTDNivEdoz2IvyJJGj6X8DJ0eFyfszE0QiEd+iXmBvUP3WHxSjFH/vIsA0EN00cgr8w=="
    },
    "moment-timezone": {
      "version": "0.5.43",
      "resolved": "https://registry.npmjs.org/moment-timezone/-/moment-timezone-0.5.43.tgz",
      "integrity": "sha512-72j3aNyuIsDxdF1i7CEgV2FfxM1r6aaqJyLB2vwb33mXYyoyLly+F1zbWqhA3/bVIoJ4szlUoMbUnVdid32NUQ==",
      "requires": {
        "moment": "^2.29.4"
      }
    },
    "tech-quote-of-the-week": {
      "version": "2.1.1",
      "resolved": "https://registry.npmjs.org/tech-quote-of-the-week/-/tech-quote-of-the-week-2.1.1.tgz",
      "integrity": "sha512-1RYdKnnR7TPrKftZJ3slOT6fQcu3pNbZ6S6zWjEGRUa2OsDyvnkLA2WF76rbI3UzbtJspmmVD0WobdQi6v0UrQ==",
      "requires": {
        "moment": "^2.17.1"
      }
    }
  }
}
