{
  "name": "fetch-book",
  "version": "1.0.0",
  "lockfileVersion": 2,
  "requires": true,
  "packages": {
    "": {
      "name": "fetch-book",
      "version": "1.0.0",
      "license": "ISC",
      "dependencies": {
        "fullstack-book-of-the-week": "^1.0.2",
        "moment": "^2.29.4",
        "moment-timezone": "^0.5.43"
      }
    },
    "node_modules/fullstack-book-of-the-week": {
      "version": "1.0.2",
      "resolved": "https://registry.npmjs.org/fullstack-book-of-the-week/-/fullstack-book-of-the-week-1.0.2.tgz",
      "integrity": "sha512-ImwPaR2CgV1/yLmviLrc5+RqYUo38aoN/QJ/1f6AxR+d440uSUFOd8NbZx60/6IlWEQg27+9MqXibmyC/XXSFg==",
      "dependencies": {
        "moment": "^2.17.1"
      }
    },
    "node_modules/moment": {
      "version": "2.29.4",
      "resolved": "https://registry.npmjs.org/moment/-/moment-2.29.4.tgz",
      "integrity": "sha512-5LC9SOxjSc2HF6vO2CyuTDNivEdoz2IvyJJGj6X8DJ0eFyfszE0QiEd+iXmBvUP3WHxSjFH/vIsA0EN00cgr8w==",
      "engines": {
        "node": "*"
      }
    },
    "node_modules/moment-timezone": {
      "version": "0.5.43",
      "resolved": "https://registry.npmjs.org/moment-timezone/-/moment-timezone-0.5.43.tgz",
      "integrity": "sha512-72j3aNyuIsDxdF1i7CEgV2FfxM1r6aaqJyLB2vwb33mXYyoyLly+F1zbWqhA3/bVIoJ4szlUoMbUnVdid32NUQ==",
      "dependencies": {
        "moment": "^2.29.4"
      },
      "engines": {
        "node": "*"
      }
    }
  },
  "dependencies": {
    "fullstack-book-of-the-week": {
      "version": "1.0.2",
      "resolved": "https://registry.npmjs.org/fullstack-book-of-the-week/-/fullstack-book-of-the-week-1.0.2.tgz",
      "integrity": "sha512-ImwPaR2CgV1/yLmviLrc5+RqYUo38aoN/QJ/1f6AxR+d440uSUFOd8NbZx60/6IlWEQg27+9MqXibmyC/XXSFg==",
      "requires": {
        "moment": "^2.17.1"
      }
    },
    "moment": {
      "version": "2.29.4",
      "resolved": "https://registry.npmjs.org/moment/-/moment-2.29.4.tgz",
      "integrity": "sha512-5LC9SOxjSc2HF6vO2CyuTDNivEdoz2IvyJJGj6X8DJ0eFyfszE0QiEd+iXmBvUP3WHxSjFH/vIsA0EN00cgr8w=="
    },
    "moment-timezone": {
      "version": "0.5.43",
      "resolved": "https://registry.npmjs.org/moment-timezone/-/moment-timezone-0.5.43.tgz",
      "integrity": "sha512-72j3aNyuIsDxdF1i7CEgV2FfxM1r6aaqJyLB2vwb33mXYyoyLly+F1zbWqhA3/bVIoJ4szlUoMbUnVdid32NUQ==",
      "requires": {
        "moment": "^2.29.4"
      }
    }
  }
}
